
Microsoft Visual Studio Solution File, Format Version 12.00
Project("{FAE04EC0-301F-11D3-BF4B-00C04F79EFBC}") = "TwitchGambleBot", "TwitchGambleBot\TwitchGambleBot.csproj", "{B56320AD-40CD-4C45-8504-9DC551390BAC}"
EndProject
Global
	GlobalSection(SolutionConfigurationPlatforms) = preSolution
		Debug|Any CPU = Debug|Any CPU
		Release|Any CPU = Release|Any CPU
	EndGlobalSection
	GlobalSection(ProjectConfigurationPlatforms) = postSolution
		{B56320AD-40CD-4C45-8504-9DC551390BAC}.Debug|Any CPU.ActiveCfg = Debug|Any CPU
		{B56320AD-40CD-4C45-8504-9DC551390BAC}.Debug|Any CPU.Build.0 = Debug|Any CPU
		{B56320AD-40CD-4C45-8504-9DC551390BAC}.Release|Any CPU.ActiveCfg = Release|Any CPU
		{B56320AD-40CD-4C45-8504-9DC551390BAC}.Release|Any CPU.Build.0 = Release|Any CPU
	EndGlobalSection
EndGlobal
